// !$*UTF8*$!
{
	archiveVersion = 1;
	classes = {
	};
	objectVersion = 46;
	objects = {

/* Begin PBXBuildFile section */
		0E0707D21EE8F0D10033C185 /* OutlineBtn.swift in Sources */ = {isa = PBXBuildFile; fileRef = 0E0707D11EE8F0D10033C185 /* OutlineBtn.swift */; };
		0E1AA5221EF1DA0E00EB3B65 /* ProfileTabVC.swift in Sources */ = {isa = PBXBuildFile; fileRef = 0E1AA5211EF1DA0E00EB3B65 /* ProfileTabVC.swift */; };
		0E1AA5241EF1DD6000EB3B65 /* AboutVC.swift in Sources */ = {isa = PBXBuildFile; fileRef = 0E1AA5231EF1DD6000EB3B65 /* AboutVC.swift */; };
		0E1AA5261EF2197800EB3B65 /* SlideAnimationTransition.swift in Sources */ = {isa = PBXBuildFile; fileRef = 0E1AA5251EF2197800EB3B65 /* SlideAnimationTransition.swift */; };
		0E1AA5281EF219C200EB3B65 /* SwipeRightToDismissVC.swift in Sources */ = {isa = PBXBuildFile; fileRef = 0E1AA5271EF219C200EB3B65 /* SwipeRightToDismissVC.swift */; };
		0E1C27B41EF701D300680CFF /* LandingLoginVC.swift in Sources */ = {isa = PBXBuildFile; fileRef = 0E1C27B31EF701D300680CFF /* LandingLoginVC.swift */; };
		0E2EF2E31C274DD200762053 /* AppDelegate.swift in Sources */ = {isa = PBXBuildFile; fileRef = 0E2EF2E21C274DD200762053 /* AppDelegate.swift */; };
		0E2EF2E81C274DD200762053 /* Main.storyboard in Resources */ = {isa = PBXBuildFile; fileRef = 0E2EF2E61C274DD200762053 /* Main.storyboard */; };
		0E2EF2EA1C274DD200762053 /* Assets.xcassets in Resources */ = {isa = PBXBuildFile; fileRef = 0E2EF2E91C274DD200762053 /* Assets.xcassets */; };
		0E2EF2ED1C274DD200762053 /* LaunchScreen.storyboard in Resources */ = {isa = PBXBuildFile; fileRef = 0E2EF2EB1C274DD200762053 /* LaunchScreen.storyboard */; };
		0E2EF3151C2753B200762053 /* SongLyricsVC.swift in Sources */ = {isa = PBXBuildFile; fileRef = 0E2EF3141C2753B200762053 /* SongLyricsVC.swift */; };
		0E5A4C8C1D23519400D8BBD4 /* GoogleService-Info.plist in Resources */ = {isa = PBXBuildFile; fileRef = 0E5A4C8B1D23519400D8BBD4 /* GoogleService-Info.plist */; };
		0E7EAA131DB5E01300E8044A /* NavigationController.swift in Sources */ = {isa = PBXBuildFile; fileRef = 0E7EAA121DB5E01300E8044A /* NavigationController.swift */; };
		0E8F09901CD29BB600CF771E /* SongCell.swift in Sources */ = {isa = PBXBuildFile; fileRef = 0E8F098F1CD29BB600CF771E /* SongCell.swift */; };
		0E8F09981CD2B5CB00CF771E /* Constants.swift in Sources */ = {isa = PBXBuildFile; fileRef = 0E8F09971CD2B5CB00CF771E /* Constants.swift */; };
		0E9DD7931EA9681900745317 /* FancyView.swift in Sources */ = {isa = PBXBuildFile; fileRef = 0E9DD7921EA9681900745317 /* FancyView.swift */; };
		0E9DD7951EA9682900745317 /* RoundBtn.swift in Sources */ = {isa = PBXBuildFile; fileRef = 0E9DD7941EA9682900745317 /* RoundBtn.swift */; };
		0E9DD7971EA9683000745317 /* FancyField.swift in Sources */ = {isa = PBXBuildFile; fileRef = 0E9DD7961EA9683000745317 /* FancyField.swift */; };
		0E9DD7991EA9683800745317 /* FancyBtn.swift in Sources */ = {isa = PBXBuildFile; fileRef = 0E9DD7981EA9683800745317 /* FancyBtn.swift */; };
		0E9DD79B1EA9684200745317 /* CircleView.swift in Sources */ = {isa = PBXBuildFile; fileRef = 0E9DD79A1EA9684200745317 /* CircleView.swift */; };
		0E9DD79D1EA971BA00745317 /* LoginVC.swift in Sources */ = {isa = PBXBuildFile; fileRef = 0E9DD79C1EA971BA00745317 /* LoginVC.swift */; };
		0E9DD79F1EA974BF00745317 /* Functions.swift in Sources */ = {isa = PBXBuildFile; fileRef = 0E9DD79E1EA974BF00745317 /* Functions.swift */; };
		0E9DD7A31EA978E200745317 /* DataService.swift in Sources */ = {isa = PBXBuildFile; fileRef = 0E9DD7A21EA978E200745317 /* DataService.swift */; };
		0E9DD7A61EA9B07C00745317 /* Song.swift in Sources */ = {isa = PBXBuildFile; fileRef = 0E9DD7A51EA9B07C00745317 /* Song.swift */; };
		0E9DD7A81EAA76A200745317 /* AuthService.swift in Sources */ = {isa = PBXBuildFile; fileRef = 0E9DD7A71EAA76A200745317 /* AuthService.swift */; };
		0EB8961E1EE9C28F0050021B /* Brandon_bld.otf in Resources */ = {isa = PBXBuildFile; fileRef = 0EB8961B1EE9C28F0050021B /* Brandon_bld.otf */; };
		0EB8961F1EE9C28F0050021B /* Brandon_blk.otf in Resources */ = {isa = PBXBuildFile; fileRef = 0EB8961C1EE9C28F0050021B /* Brandon_blk.otf */; };
		0EB896201EE9C28F0050021B /* Brandon_reg.otf in Resources */ = {isa = PBXBuildFile; fileRef = 0EB8961D1EE9C28F0050021B /* Brandon_reg.otf */; };
		0EB896221EEA27AC0050021B /* LandingVC.swift in Sources */ = {isa = PBXBuildFile; fileRef = 0EB896211EEA27AC0050021B /* LandingVC.swift */; };
		0EB896241EEB47D70050021B /* EmailLoginVC.swift in Sources */ = {isa = PBXBuildFile; fileRef = 0EB896231EEB47D70050021B /* EmailLoginVC.swift */; };
		0EB896261EEB574A0050021B /* TitleLabel.swift in Sources */ = {isa = PBXBuildFile; fileRef = 0EB896251EEB574A0050021B /* TitleLabel.swift */; };
		0EB896281EEB72DF0050021B /* SelectLoginMethodVC.swift in Sources */ = {isa = PBXBuildFile; fileRef = 0EB896271EEB72DF0050021B /* SelectLoginMethodVC.swift */; };
		0EB8962A1EEB7CCC0050021B /* PhoneLoginVC.swift in Sources */ = {isa = PBXBuildFile; fileRef = 0EB896291EEB7CCC0050021B /* PhoneLoginVC.swift */; };
		0EB8962C1EEB7FEA0050021B /* LoginFlow.swift in Sources */ = {isa = PBXBuildFile; fileRef = 0EB8962B1EEB7FEA0050021B /* LoginFlow.swift */; };
		0EB8962E1EEB81590050021B /* ForgotPasswordVC.swift in Sources */ = {isa = PBXBuildFile; fileRef = 0EB8962D1EEB81590050021B /* ForgotPasswordVC.swift */; };
		0EC724071EF328340003407F /* SignInIdea.swift in Sources */ = {isa = PBXBuildFile; fileRef = 0EC724061EF328340003407F /* SignInIdea.swift */; };
		0EC7240A1EF32D200003407F /* NeedAccountVC.swift in Sources */ = {isa = PBXBuildFile; fileRef = 0EC724091EF32D200003407F /* NeedAccountVC.swift */; };
		0ED23D571DB82FF100DF081E /* Big_John.otf in Resources */ = {isa = PBXBuildFile; fileRef = 0ED23D561DB82FF100DF081E /* Big_John.otf */; };
		0EDB2B201EF8458300131241 /* PhoneLoginCodeVC.swift in Sources */ = {isa = PBXBuildFile; fileRef = 0EDB2B1F1EF8458300131241 /* PhoneLoginCodeVC.swift */; };
		0EDB2B221EF87FB000131241 /* CustomTabBarConroller.swift in Sources */ = {isa = PBXBuildFile; fileRef = 0EDB2B211EF87FB000131241 /* CustomTabBarConroller.swift */; };
		0EFB8E011EE7C2F300D5F793 /* Playlist.swift in Sources */ = {isa = PBXBuildFile; fileRef = 0EFB8DFF1EE7C2F300D5F793 /* Playlist.swift */; };
		0EFB8E021EE7C2F300D5F793 /* CreatePlaylistVCF.swift in Sources */ = {isa = PBXBuildFile; fileRef = 0EFB8E001EE7C2F300D5F793 /* CreatePlaylistVCF.swift */; };
		0EFB8E0A1EE7C2FF00D5F793 /* SongListTVC.swift in Sources */ = {isa = PBXBuildFile; fileRef = 0EFB8E031EE7C2FF00D5F793 /* SongListTVC.swift */; };
		0EFB8E0B1EE7C2FF00D5F793 /* PlaylistSongCellF.swift in Sources */ = {isa = PBXBuildFile; fileRef = 0EFB8E041EE7C2FF00D5F793 /* PlaylistSongCellF.swift */; };
		0EFB8E0C1EE7C2FF00D5F793 /* SongCellF.swift in Sources */ = {isa = PBXBuildFile; fileRef = 0EFB8E051EE7C2FF00D5F793 /* SongCellF.swift */; };
		0EFB8E0D1EE7C2FF00D5F793 /* PlaylistVCF.swift in Sources */ = {isa = PBXBuildFile; fileRef = 0EFB8E061EE7C2FF00D5F793 /* PlaylistVCF.swift */; };
		0EFB8E0E1EE7C2FF00D5F793 /* CreatePlaylistVC.swift in Sources */ = {isa = PBXBuildFile; fileRef = 0EFB8E071EE7C2FF00D5F793 /* CreatePlaylistVC.swift */; };
		0EFB8E0F1EE7C2FF00D5F793 /* PlaylistSongCell.swift in Sources */ = {isa = PBXBuildFile; fileRef = 0EFB8E081EE7C2FF00D5F793 /* PlaylistSongCell.swift */; };
		0EFB8E101EE7C2FF00D5F793 /* ShowPlaylistVC.swift in Sources */ = {isa = PBXBuildFile; fileRef = 0EFB8E091EE7C2FF00D5F793 /* ShowPlaylistVC.swift */; };
		0EFB8E161EE7C30800D5F793 /* PlaylistNameCell.swift in Sources */ = {isa = PBXBuildFile; fileRef = 0EFB8E111EE7C30800D5F793 /* PlaylistNameCell.swift */; };
		0EFB8E171EE7C30800D5F793 /* PlaylistVC.swift in Sources */ = {isa = PBXBuildFile; fileRef = 0EFB8E121EE7C30800D5F793 /* PlaylistVC.swift */; };
		0EFB8E181EE7C30800D5F793 /* SongListTVCF_TEST_SEARCH.swift in Sources */ = {isa = PBXBuildFile; fileRef = 0EFB8E131EE7C30800D5F793 /* SongListTVCF_TEST_SEARCH.swift */; };
		0EFB8E191EE7C30800D5F793 /* SongListTVCF.swift in Sources */ = {isa = PBXBuildFile; fileRef = 0EFB8E141EE7C30800D5F793 /* SongListTVCF.swift */; };
		0EFB8E1A1EE7C30800D5F793 /* SongListTabTVC.swift in Sources */ = {isa = PBXBuildFile; fileRef = 0EFB8E151EE7C30800D5F793 /* SongListTabTVC.swift */; };
		0EFB8E1E1EE7C33500D5F793 /* PlaylistNameCellF.swift in Sources */ = {isa = PBXBuildFile; fileRef = 0EFB8E1B1EE7C33500D5F793 /* PlaylistNameCellF.swift */; };
		0EFB8E1F1EE7C33500D5F793 /* ProfileVC.swift in Sources */ = {isa = PBXBuildFile; fileRef = 0EFB8E1C1EE7C33500D5F793 /* ProfileVC.swift */; };
		0EFB8E201EE7C33500D5F793 /* DepricatedSongListVC.swift in Sources */ = {isa = PBXBuildFile; fileRef = 0EFB8E1D1EE7C33500D5F793 /* DepricatedSongListVC.swift */; };
		ED128F58D8670ED985D19B2F /* Pods_Caroling_Companion.framework in Frameworks */ = {isa = PBXBuildFile; fileRef = 2F239E4E11B507DF3AE0D5AF /* Pods_Caroling_Companion.framework */; };
/* End PBXBuildFile section */

/* Begin PBXFileReference section */
		0E0707D11EE8F0D10033C185 /* OutlineBtn.swift */ = {isa = PBXFileReference; fileEncoding = 4; lastKnownFileType = sourcecode.swift; path = OutlineBtn.swift; sourceTree = "<group>"; };
		0E1AA5211EF1DA0E00EB3B65 /* ProfileTabVC.swift */ = {isa = PBXFileReference; fileEncoding = 4; lastKnownFileType = sourcecode.swift; path = ProfileTabVC.swift; sourceTree = "<group>"; };
		0E1AA5231EF1DD6000EB3B65 /* AboutVC.swift */ = {isa = PBXFileReference; fileEncoding = 4; lastKnownFileType = sourcecode.swift; path = AboutVC.swift; sourceTree = "<group>"; };
		0E1AA5251EF2197800EB3B65 /* SlideAnimationTransition.swift */ = {isa = PBXFileReference; fileEncoding = 4; lastKnownFileType = sourcecode.swift; path = SlideAnimationTransition.swift; sourceTree = "<group>"; };
		0E1AA5271EF219C200EB3B65 /* SwipeRightToDismissVC.swift */ = {isa = PBXFileReference; fileEncoding = 4; lastKnownFileType = sourcecode.swift; path = SwipeRightToDismissVC.swift; sourceTree = "<group>"; };
		0E1C27B31EF701D300680CFF /* LandingLoginVC.swift */ = {isa = PBXFileReference; fileEncoding = 4; lastKnownFileType = sourcecode.swift; path = LandingLoginVC.swift; sourceTree = "<group>"; };
		0E2EF2DF1C274DD200762053 /* Caroling Companion.app */ = {isa = PBXFileReference; explicitFileType = wrapper.application; includeInIndex = 0; path = "Caroling Companion.app"; sourceTree = BUILT_PRODUCTS_DIR; };
		0E2EF2E21C274DD200762053 /* AppDelegate.swift */ = {isa = PBXFileReference; lastKnownFileType = sourcecode.swift; path = AppDelegate.swift; sourceTree = "<group>"; };
		0E2EF2E71C274DD200762053 /* Base */ = {isa = PBXFileReference; lastKnownFileType = file.storyboard; name = Base; path = Base.lproj/Main.storyboard; sourceTree = "<group>"; };
		0E2EF2E91C274DD200762053 /* Assets.xcassets */ = {isa = PBXFileReference; lastKnownFileType = folder.assetcatalog; path = Assets.xcassets; sourceTree = "<group>"; };
		0E2EF2EC1C274DD200762053 /* Base */ = {isa = PBXFileReference; lastKnownFileType = file.storyboard; name = Base; path = Base.lproj/LaunchScreen.storyboard; sourceTree = "<group>"; };
		0E2EF2EE1C274DD200762053 /* Info.plist */ = {isa = PBXFileReference; lastKnownFileType = text.plist.xml; path = Info.plist; sourceTree = "<group>"; };
		0E2EF2F71C274DD300762053 /* Caroling_CompanionTests.swift */ = {isa = PBXFileReference; lastKnownFileType = sourcecode.swift; path = Caroling_CompanionTests.swift; sourceTree = "<group>"; };
		0E2EF2F91C274DD300762053 /* Info.plist */ = {isa = PBXFileReference; lastKnownFileType = text.plist.xml; path = Info.plist; sourceTree = "<group>"; };
		0E2EF3021C274DD300762053 /* Caroling_CompanionUITests.swift */ = {isa = PBXFileReference; lastKnownFileType = sourcecode.swift; path = Caroling_CompanionUITests.swift; sourceTree = "<group>"; };
		0E2EF3041C274DD300762053 /* Info.plist */ = {isa = PBXFileReference; lastKnownFileType = text.plist.xml; path = Info.plist; sourceTree = "<group>"; };
		0E2EF3141C2753B200762053 /* SongLyricsVC.swift */ = {isa = PBXFileReference; fileEncoding = 4; lastKnownFileType = sourcecode.swift; path = SongLyricsVC.swift; sourceTree = "<group>"; };
		0E5A4C8B1D23519400D8BBD4 /* GoogleService-Info.plist */ = {isa = PBXFileReference; fileEncoding = 4; lastKnownFileType = text.plist.xml; path = "GoogleService-Info.plist"; sourceTree = "<group>"; };
		0E7EAA121DB5E01300E8044A /* NavigationController.swift */ = {isa = PBXFileReference; fileEncoding = 4; lastKnownFileType = sourcecode.swift; path = NavigationController.swift; sourceTree = "<group>"; };
		0E8F098F1CD29BB600CF771E /* SongCell.swift */ = {isa = PBXFileReference; fileEncoding = 4; lastKnownFileType = sourcecode.swift; path = SongCell.swift; sourceTree = "<group>"; };
		0E8F09971CD2B5CB00CF771E /* Constants.swift */ = {isa = PBXFileReference; fileEncoding = 4; lastKnownFileType = sourcecode.swift; path = Constants.swift; sourceTree = "<group>"; };
		0E9DD7921EA9681900745317 /* FancyView.swift */ = {isa = PBXFileReference; fileEncoding = 4; lastKnownFileType = sourcecode.swift; path = FancyView.swift; sourceTree = "<group>"; };
		0E9DD7941EA9682900745317 /* RoundBtn.swift */ = {isa = PBXFileReference; fileEncoding = 4; lastKnownFileType = sourcecode.swift; path = RoundBtn.swift; sourceTree = "<group>"; };
		0E9DD7961EA9683000745317 /* FancyField.swift */ = {isa = PBXFileReference; fileEncoding = 4; lastKnownFileType = sourcecode.swift; path = FancyField.swift; sourceTree = "<group>"; };
		0E9DD7981EA9683800745317 /* FancyBtn.swift */ = {isa = PBXFileReference; fileEncoding = 4; lastKnownFileType = sourcecode.swift; path = FancyBtn.swift; sourceTree = "<group>"; };
		0E9DD79A1EA9684200745317 /* CircleView.swift */ = {isa = PBXFileReference; fileEncoding = 4; lastKnownFileType = sourcecode.swift; path = CircleView.swift; sourceTree = "<group>"; };
		0E9DD79C1EA971BA00745317 /* LoginVC.swift */ = {isa = PBXFileReference; fileEncoding = 4; lastKnownFileType = sourcecode.swift; path = LoginVC.swift; sourceTree = "<group>"; };
		0E9DD79E1EA974BF00745317 /* Functions.swift */ = {isa = PBXFileReference; fileEncoding = 4; lastKnownFileType = sourcecode.swift; path = Functions.swift; sourceTree = "<group>"; };
		0E9DD7A21EA978E200745317 /* DataService.swift */ = {isa = PBXFileReference; fileEncoding = 4; lastKnownFileType = sourcecode.swift; path = DataService.swift; sourceTree = "<group>"; };
		0E9DD7A51EA9B07C00745317 /* Song.swift */ = {isa = PBXFileReference; fileEncoding = 4; lastKnownFileType = sourcecode.swift; path = Song.swift; sourceTree = "<group>"; };
		0E9DD7A71EAA76A200745317 /* AuthService.swift */ = {isa = PBXFileReference; fileEncoding = 4; lastKnownFileType = sourcecode.swift; path = AuthService.swift; sourceTree = "<group>"; };
		0EB8961B1EE9C28F0050021B /* Brandon_bld.otf */ = {isa = PBXFileReference; lastKnownFileType = file; path = Brandon_bld.otf; sourceTree = "<group>"; };
		0EB8961C1EE9C28F0050021B /* Brandon_blk.otf */ = {isa = PBXFileReference; lastKnownFileType = file; path = Brandon_blk.otf; sourceTree = "<group>"; };
		0EB8961D1EE9C28F0050021B /* Brandon_reg.otf */ = {isa = PBXFileReference; lastKnownFileType = file; path = Brandon_reg.otf; sourceTree = "<group>"; };
		0EB896211EEA27AC0050021B /* LandingVC.swift */ = {isa = PBXFileReference; fileEncoding = 4; lastKnownFileType = sourcecode.swift; path = LandingVC.swift; sourceTree = "<group>"; };
		0EB896231EEB47D70050021B /* EmailLoginVC.swift */ = {isa = PBXFileReference; fileEncoding = 4; lastKnownFileType = sourcecode.swift; path = EmailLoginVC.swift; sourceTree = "<group>"; };
		0EB896251EEB574A0050021B /* TitleLabel.swift */ = {isa = PBXFileReference; fileEncoding = 4; lastKnownFileType = sourcecode.swift; path = TitleLabel.swift; sourceTree = "<group>"; };
		0EB896271EEB72DF0050021B /* SelectLoginMethodVC.swift */ = {isa = PBXFileReference; fileEncoding = 4; lastKnownFileType = sourcecode.swift; path = SelectLoginMethodVC.swift; sourceTree = "<group>"; };
		0EB896291EEB7CCC0050021B /* PhoneLoginVC.swift */ = {isa = PBXFileReference; fileEncoding = 4; lastKnownFileType = sourcecode.swift; path = PhoneLoginVC.swift; sourceTree = "<group>"; };
		0EB8962B1EEB7FEA0050021B /* LoginFlow.swift */ = {isa = PBXFileReference; fileEncoding = 4; lastKnownFileType = sourcecode.swift; path = LoginFlow.swift; sourceTree = "<group>"; };
		0EB8962D1EEB81590050021B /* ForgotPasswordVC.swift */ = {isa = PBXFileReference; fileEncoding = 4; lastKnownFileType = sourcecode.swift; path = ForgotPasswordVC.swift; sourceTree = "<group>"; };
		0EC724061EF328340003407F /* SignInIdea.swift */ = {isa = PBXFileReference; fileEncoding = 4; lastKnownFileType = sourcecode.swift; path = SignInIdea.swift; sourceTree = "<group>"; };
		0EC724091EF32D200003407F /* NeedAccountVC.swift */ = {isa = PBXFileReference; fileEncoding = 4; lastKnownFileType = sourcecode.swift; path = NeedAccountVC.swift; sourceTree = "<group>"; };
		0ED23D511DB81F0500DF081E /* Caroling Companion.entitlements */ = {isa = PBXFileReference; lastKnownFileType = text.plist.entitlements; path = "Caroling Companion.entitlements"; sourceTree = "<group>"; };
		0ED23D561DB82FF100DF081E /* Big_John.otf */ = {isa = PBXFileReference; lastKnownFileType = file; path = Big_John.otf; sourceTree = "<group>"; };
		0EDB2B1F1EF8458300131241 /* PhoneLoginCodeVC.swift */ = {isa = PBXFileReference; fileEncoding = 4; lastKnownFileType = sourcecode.swift; path = PhoneLoginCodeVC.swift; sourceTree = "<group>"; };
		0EDB2B211EF87FB000131241 /* CustomTabBarConroller.swift */ = {isa = PBXFileReference; fileEncoding = 4; lastKnownFileType = sourcecode.swift; path = CustomTabBarConroller.swift; sourceTree = "<group>"; };
		0EFB8DFF1EE7C2F300D5F793 /* Playlist.swift */ = {isa = PBXFileReference; fileEncoding = 4; lastKnownFileType = sourcecode.swift; path = Playlist.swift; sourceTree = "<group>"; };
		0EFB8E001EE7C2F300D5F793 /* CreatePlaylistVCF.swift */ = {isa = PBXFileReference; fileEncoding = 4; lastKnownFileType = sourcecode.swift; path = CreatePlaylistVCF.swift; sourceTree = "<group>"; };
		0EFB8E031EE7C2FF00D5F793 /* SongListTVC.swift */ = {isa = PBXFileReference; fileEncoding = 4; lastKnownFileType = sourcecode.swift; path = SongListTVC.swift; sourceTree = "<group>"; };
		0EFB8E041EE7C2FF00D5F793 /* PlaylistSongCellF.swift */ = {isa = PBXFileReference; fileEncoding = 4; lastKnownFileType = sourcecode.swift; path = PlaylistSongCellF.swift; sourceTree = "<group>"; };
		0EFB8E051EE7C2FF00D5F793 /* SongCellF.swift */ = {isa = PBXFileReference; fileEncoding = 4; lastKnownFileType = sourcecode.swift; path = SongCellF.swift; sourceTree = "<group>"; };
		0EFB8E061EE7C2FF00D5F793 /* PlaylistVCF.swift */ = {isa = PBXFileReference; fileEncoding = 4; lastKnownFileType = sourcecode.swift; path = PlaylistVCF.swift; sourceTree = "<group>"; };
		0EFB8E071EE7C2FF00D5F793 /* CreatePlaylistVC.swift */ = {isa = PBXFileReference; fileEncoding = 4; lastKnownFileType = sourcecode.swift; path = CreatePlaylistVC.swift; sourceTree = "<group>"; };
		0EFB8E081EE7C2FF00D5F793 /* PlaylistSongCell.swift */ = {isa = PBXFileReference; fileEncoding = 4; lastKnownFileType = sourcecode.swift; path = PlaylistSongCell.swift; sourceTree = "<group>"; };
		0EFB8E091EE7C2FF00D5F793 /* ShowPlaylistVC.swift */ = {isa = PBXFileReference; fileEncoding = 4; lastKnownFileType = sourcecode.swift; path = ShowPlaylistVC.swift; sourceTree = "<group>"; };
		0EFB8E111EE7C30800D5F793 /* PlaylistNameCell.swift */ = {isa = PBXFileReference; fileEncoding = 4; lastKnownFileType = sourcecode.swift; path = PlaylistNameCell.swift; sourceTree = "<group>"; };
		0EFB8E121EE7C30800D5F793 /* PlaylistVC.swift */ = {isa = PBXFileReference; fileEncoding = 4; lastKnownFileType = sourcecode.swift; path = PlaylistVC.swift; sourceTree = "<group>"; };
		0EFB8E131EE7C30800D5F793 /* SongListTVCF_TEST_SEARCH.swift */ = {isa = PBXFileReference; fileEncoding = 4; lastKnownFileType = sourcecode.swift; path = SongListTVCF_TEST_SEARCH.swift; sourceTree = "<group>"; };
		0EFB8E141EE7C30800D5F793 /* SongListTVCF.swift */ = {isa = PBXFileReference; fileEncoding = 4; lastKnownFileType = sourcecode.swift; path = SongListTVCF.swift; sourceTree = "<group>"; };
		0EFB8E151EE7C30800D5F793 /* SongListTabTVC.swift */ = {isa = PBXFileReference; fileEncoding = 4; lastKnownFileType = sourcecode.swift; path = SongListTabTVC.swift; sourceTree = "<group>"; };
		0EFB8E1B1EE7C33500D5F793 /* PlaylistNameCellF.swift */ = {isa = PBXFileReference; fileEncoding = 4; lastKnownFileType = sourcecode.swift; path = PlaylistNameCellF.swift; sourceTree = "<group>"; };
		0EFB8E1C1EE7C33500D5F793 /* ProfileVC.swift */ = {isa = PBXFileReference; fileEncoding = 4; lastKnownFileType = sourcecode.swift; path = ProfileVC.swift; sourceTree = "<group>"; };
		0EFB8E1D1EE7C33500D5F793 /* DepricatedSongListVC.swift */ = {isa = PBXFileReference; fileEncoding = 4; lastKnownFileType = sourcecode.swift; path = DepricatedSongListVC.swift; sourceTree = "<group>"; };
		139E4C9C9FF2D31426683A48 /* Pods-Caroling CompanionTests.debug.xcconfig */ = {isa = PBXFileReference; includeInIndex = 1; lastKnownFileType = text.xcconfig; name = "Pods-Caroling CompanionTests.debug.xcconfig"; path = "Pods/Target Support Files/Pods-Caroling CompanionTests/Pods-Caroling CompanionTests.debug.xcconfig"; sourceTree = "<group>"; };
		1FAAD88E628E3FEA0F7FDD16 /* Pods_Caroling_CompanionUITests.framework */ = {isa = PBXFileReference; explicitFileType = wrapper.framework; includeInIndex = 0; path = Pods_Caroling_CompanionUITests.framework; sourceTree = BUILT_PRODUCTS_DIR; };
		2F1A323237DEE42C9A5F03C7 /* Pods-Caroling CompanionTests.release.xcconfig */ = {isa = PBXFileReference; includeInIndex = 1; lastKnownFileType = text.xcconfig; name = "Pods-Caroling CompanionTests.release.xcconfig"; path = "Pods/Target Support Files/Pods-Caroling CompanionTests/Pods-Caroling CompanionTests.release.xcconfig"; sourceTree = "<group>"; };
		2F239E4E11B507DF3AE0D5AF /* Pods_Caroling_Companion.framework */ = {isa = PBXFileReference; explicitFileType = wrapper.framework; includeInIndex = 0; path = Pods_Caroling_Companion.framework; sourceTree = BUILT_PRODUCTS_DIR; };
		44EFE6C23538FAB6AC36543C /* Pods-Caroling CompanionUITests.debug.xcconfig */ = {isa = PBXFileReference; includeInIndex = 1; lastKnownFileType = text.xcconfig; name = "Pods-Caroling CompanionUITests.debug.xcconfig"; path = "Pods/Target Support Files/Pods-Caroling CompanionUITests/Pods-Caroling CompanionUITests.debug.xcconfig"; sourceTree = "<group>"; };
		4A90FF3EB68EE7626C211FB7 /* Pods-Caroling Companion.release.xcconfig */ = {isa = PBXFileReference; includeInIndex = 1; lastKnownFileType = text.xcconfig; name = "Pods-Caroling Companion.release.xcconfig"; path = "Pods/Target Support Files/Pods-Caroling Companion/Pods-Caroling Companion.release.xcconfig"; sourceTree = "<group>"; };
		8CC439CFE3E7102455F3E8DB /* Pods-Caroling Companion.debug.xcconfig */ = {isa = PBXFileReference; includeInIndex = 1; lastKnownFileType = text.xcconfig; name = "Pods-Caroling Companion.debug.xcconfig"; path = "Pods/Target Support Files/Pods-Caroling Companion/Pods-Caroling Companion.debug.xcconfig"; sourceTree = "<group>"; };
		DF58722DD22BFF50DBBDAD47 /* Pods-Caroling CompanionUITests.release.xcconfig */ = {isa = PBXFileReference; includeInIndex = 1; lastKnownFileType = text.xcconfig; name = "Pods-Caroling CompanionUITests.release.xcconfig"; path = "Pods/Target Support Files/Pods-Caroling CompanionUITests/Pods-Caroling CompanionUITests.release.xcconfig"; sourceTree = "<group>"; };
		F5F8E4323D460A1169A2528E /* Pods_Caroling_CompanionTests.framework */ = {isa = PBXFileReference; explicitFileType = wrapper.framework; includeInIndex = 0; path = Pods_Caroling_CompanionTests.framework; sourceTree = BUILT_PRODUCTS_DIR; };
/* End PBXFileReference section */

/* Begin PBXFrameworksBuildPhase section */
		0E2EF2DC1C274DD200762053 /* Frameworks */ = {
			isa = PBXFrameworksBuildPhase;
			buildActionMask = 2147483647;
			files = (
				ED128F58D8670ED985D19B2F /* Pods_Caroling_Companion.framework in Frameworks */,
			);
			runOnlyForDeploymentPostprocessing = 0;
		};
/* End PBXFrameworksBuildPhase section */

/* Begin PBXGroup section */
		0E2EF2D61C274DD200762053 = {
			isa = PBXGroup;
			children = (
				0E2EF2E11C274DD200762053 /* Caroling Companion */,
				0E2EF2F61C274DD300762053 /* Caroling CompanionTests */,
				0E2EF3011C274DD300762053 /* Caroling CompanionUITests */,
				0E2EF2E01C274DD200762053 /* Products */,
				E89E415390DBD8523FF5E629 /* Pods */,
				1094CDB9BD9E31BC23C76C64 /* Frameworks */,
			);
			sourceTree = "<group>";
		};
		0E2EF2E01C274DD200762053 /* Products */ = {
			isa = PBXGroup;
			children = (
				0E2EF2DF1C274DD200762053 /* Caroling Companion.app */,
			);
			name = Products;
			sourceTree = "<group>";
		};
		0E2EF2E11C274DD200762053 /* Caroling Companion */ = {
			isa = PBXGroup;
			children = (
				0E84B8091EE87FE400A9B6D2 /* Depricated */,
				0E9DD7A11EA978DA00745317 /* Services */,
				0E9DD7A41EA9B06100745317 /* Model */,
				0ED23D551DB82FE100DF081E /* Resources */,
				0ED23D511DB81F0500DF081E /* Caroling Companion.entitlements */,
				0E8F098E1CD29B8B00CF771E /* View */,
				0ED558311CCEEE44008C0B3E /* Controller */,
				0E2EF2E61C274DD200762053 /* Main.storyboard */,
				0E2EF2E21C274DD200762053 /* AppDelegate.swift */,
				0E2EF2E91C274DD200762053 /* Assets.xcassets */,
			);
			path = "Caroling Companion";
			sourceTree = "<group>";
		};
		0E2EF2F61C274DD300762053 /* Caroling CompanionTests */ = {
			isa = PBXGroup;
			children = (
				0E2EF2F71C274DD300762053 /* Caroling_CompanionTests.swift */,
				0E2EF2F91C274DD300762053 /* Info.plist */,
			);
			path = "Caroling CompanionTests";
			sourceTree = "<group>";
		};
		0E2EF3011C274DD300762053 /* Caroling CompanionUITests */ = {
			isa = PBXGroup;
			children = (
				0E2EF3021C274DD300762053 /* Caroling_CompanionUITests.swift */,
				0E2EF3041C274DD300762053 /* Info.plist */,
			);
			path = "Caroling CompanionUITests";
			sourceTree = "<group>";
		};
		0E84B8091EE87FE400A9B6D2 /* Depricated */ = {
			isa = PBXGroup;
			children = (
				0EB896271EEB72DF0050021B /* SelectLoginMethodVC.swift */,
				0E9DD79C1EA971BA00745317 /* LoginVC.swift */,
				0EB896211EEA27AC0050021B /* LandingVC.swift */,
				0EB896231EEB47D70050021B /* EmailLoginVC.swift */,
				0EFB8E1D1EE7C33500D5F793 /* DepricatedSongListVC.swift */,
				0EFB8E111EE7C30800D5F793 /* PlaylistNameCell.swift */,
				0EFB8E121EE7C30800D5F793 /* PlaylistVC.swift */,
				0EFB8E131EE7C30800D5F793 /* SongListTVCF_TEST_SEARCH.swift */,
				0EFB8E141EE7C30800D5F793 /* SongListTVCF.swift */,
				0E8F098F1CD29BB600CF771E /* SongCell.swift */,
				0EFB8E071EE7C2FF00D5F793 /* CreatePlaylistVC.swift */,
				0EFB8E081EE7C2FF00D5F793 /* PlaylistSongCell.swift */,
				0EB8962D1EEB81590050021B /* ForgotPasswordVC.swift */,
			);
			name = Depricated;
			sourceTree = "<group>";
		};
		0E8F098E1CD29B8B00CF771E /* View */ = {
			isa = PBXGroup;
			children = (
				0EFB8E051EE7C2FF00D5F793 /* SongCellF.swift */,
				0EFB8E041EE7C2FF00D5F793 /* PlaylistSongCellF.swift */,
				0EFB8E1B1EE7C33500D5F793 /* PlaylistNameCellF.swift */,
				0E9DD7921EA9681900745317 /* FancyView.swift */,
				0E9DD7941EA9682900745317 /* RoundBtn.swift */,
				0E9DD7961EA9683000745317 /* FancyField.swift */,
				0E9DD7981EA9683800745317 /* FancyBtn.swift */,
				0E9DD79A1EA9684200745317 /* CircleView.swift */,
				0E0707D11EE8F0D10033C185 /* OutlineBtn.swift */,
				0EB896251EEB574A0050021B /* TitleLabel.swift */,
			);
			name = View;
			sourceTree = "<group>";
		};
		0E9DD7A11EA978DA00745317 /* Services */ = {
			isa = PBXGroup;
			children = (
				0E9DD7A71EAA76A200745317 /* AuthService.swift */,
				0E9DD7A21EA978E200745317 /* DataService.swift */,
			);
			name = Services;
			sourceTree = "<group>";
		};
		0E9DD7A41EA9B06100745317 /* Model */ = {
			isa = PBXGroup;
			children = (
				0E9DD7A51EA9B07C00745317 /* Song.swift */,
				0EFB8DFF1EE7C2F300D5F793 /* Playlist.swift */,
			);
			name = Model;
			sourceTree = "<group>";
		};
		0EC724081EF32C2E0003407F /* Fonts */ = {
			isa = PBXGroup;
			children = (
				0EB8961B1EE9C28F0050021B /* Brandon_bld.otf */,
				0EB8961C1EE9C28F0050021B /* Brandon_blk.otf */,
				0EB8961D1EE9C28F0050021B /* Brandon_reg.otf */,
				0ED23D561DB82FF100DF081E /* Big_John.otf */,
			);
			name = Fonts;
			sourceTree = "<group>";
		};
		0ED23D551DB82FE100DF081E /* Resources */ = {
			isa = PBXGroup;
			children = (
				0EC724081EF32C2E0003407F /* Fonts */,
				0E8F09971CD2B5CB00CF771E /* Constants.swift */,
				0E9DD79E1EA974BF00745317 /* Functions.swift */,
				0E2EF2EB1C274DD200762053 /* LaunchScreen.storyboard */,
				0E2EF2EE1C274DD200762053 /* Info.plist */,
				0E5A4C8B1D23519400D8BBD4 /* GoogleService-Info.plist */,
				0E1AA5251EF2197800EB3B65 /* SlideAnimationTransition.swift */,
				0E1AA5271EF219C200EB3B65 /* SwipeRightToDismissVC.swift */,
				0EC724061EF328340003407F /* SignInIdea.swift */,
			);
			name = Resources;
			sourceTree = "<group>";
		};
		0ED558311CCEEE44008C0B3E /* Controller */ = {
			isa = PBXGroup;
			children = (
				0EB8962B1EEB7FEA0050021B /* LoginFlow.swift */,
				0E1C27B31EF701D300680CFF /* LandingLoginVC.swift */,
				0EFB8E151EE7C30800D5F793 /* SongListTabTVC.swift */,
				0EFB8E001EE7C2F300D5F793 /* CreatePlaylistVCF.swift */,
				0EFB8E091EE7C2FF00D5F793 /* ShowPlaylistVC.swift */,
				0EFB8E061EE7C2FF00D5F793 /* PlaylistVCF.swift */,
				0EFB8E031EE7C2FF00D5F793 /* SongListTVC.swift */,
				0EFB8E1C1EE7C33500D5F793 /* ProfileVC.swift */,
				0E2EF3141C2753B200762053 /* SongLyricsVC.swift */,
				0E7EAA121DB5E01300E8044A /* NavigationController.swift */,
				0EDB2B211EF87FB000131241 /* CustomTabBarConroller.swift */,
				0EB896291EEB7CCC0050021B /* PhoneLoginVC.swift */,
				0EDB2B1F1EF8458300131241 /* PhoneLoginCodeVC.swift */,
				0E1AA5211EF1DA0E00EB3B65 /* ProfileTabVC.swift */,
				0E1AA5231EF1DD6000EB3B65 /* AboutVC.swift */,
				0EC724091EF32D200003407F /* NeedAccountVC.swift */,
			);
			name = Controller;
			sourceTree = "<group>";
		};
		1094CDB9BD9E31BC23C76C64 /* Frameworks */ = {
			isa = PBXGroup;
			children = (
				2F239E4E11B507DF3AE0D5AF /* Pods_Caroling_Companion.framework */,
				F5F8E4323D460A1169A2528E /* Pods_Caroling_CompanionTests.framework */,
				1FAAD88E628E3FEA0F7FDD16 /* Pods_Caroling_CompanionUITests.framework */,
			);
			name = Frameworks;
			sourceTree = "<group>";
		};
		E89E415390DBD8523FF5E629 /* Pods */ = {
			isa = PBXGroup;
			children = (
				8CC439CFE3E7102455F3E8DB /* Pods-Caroling Companion.debug.xcconfig */,
				4A90FF3EB68EE7626C211FB7 /* Pods-Caroling Companion.release.xcconfig */,
				139E4C9C9FF2D31426683A48 /* Pods-Caroling CompanionTests.debug.xcconfig */,
				2F1A323237DEE42C9A5F03C7 /* Pods-Caroling CompanionTests.release.xcconfig */,
				44EFE6C23538FAB6AC36543C /* Pods-Caroling CompanionUITests.debug.xcconfig */,
				DF58722DD22BFF50DBBDAD47 /* Pods-Caroling CompanionUITests.release.xcconfig */,
			);
			name = Pods;
			sourceTree = "<group>";
		};
/* End PBXGroup section */

/* Begin PBXNativeTarget section */
		0E2EF2DE1C274DD200762053 /* Caroling Companion */ = {
			isa = PBXNativeTarget;
			buildConfigurationList = 0E2EF3071C274DD300762053 /* Build configuration list for PBXNativeTarget "Caroling Companion" */;
			buildPhases = (
				0427BDEB44A85AF6D237A6AC /* [CP] Check Pods Manifest.lock */,
				0E2EF2DB1C274DD200762053 /* Sources */,
				0E2EF2DC1C274DD200762053 /* Frameworks */,
				0E2EF2DD1C274DD200762053 /* Resources */,
				6D94B341B1AE2B307565A646 /* [CP] Embed Pods Frameworks */,
			);
			buildRules = (
			);
			dependencies = (
			);
			name = "Caroling Companion";
			productName = "Caroling Companion";
			productReference = 0E2EF2DF1C274DD200762053 /* Caroling Companion.app */;
			productType = "com.apple.product-type.application";
		};
/* End PBXNativeTarget section */

/* Begin PBXProject section */
		0E2EF2D71C274DD200762053 /* Project object */ = {
			isa = PBXProject;
			attributes = {
				LastSwiftUpdateCheck = 0720;
				LastUpgradeCheck = 1140;
				ORGANIZATIONNAME = "Chase McElroy";
				TargetAttributes = {
					0E2EF2DE1C274DD200762053 = {
						CreatedOnToolsVersion = 7.2;
						DevelopmentTeam = J2C764CY4K;
						LastSwiftMigration = 1010;
						SystemCapabilities = {
							com.apple.BackgroundModes = {
								enabled = 1;
							};
							com.apple.Push = {
								enabled = 1;
							};
						};
					};
				};
			};
			buildConfigurationList = 0E2EF2DA1C274DD200762053 /* Build configuration list for PBXProject "Caroling Companion" */;
			compatibilityVersion = "Xcode 3.2";
			developmentRegion = en;
			hasScannedForEncodings = 0;
			knownRegions = (
				en,
				Base,
			);
			mainGroup = 0E2EF2D61C274DD200762053;
			productRefGroup = 0E2EF2E01C274DD200762053 /* Products */;
			projectDirPath = "";
			projectRoot = "";
			targets = (
				0E2EF2DE1C274DD200762053 /* Caroling Companion */,
			);
		};
/* End PBXProject section */

/* Begin PBXResourcesBuildPhase section */
		0E2EF2DD1C274DD200762053 /* Resources */ = {
			isa = PBXResourcesBuildPhase;
			buildActionMask = 2147483647;
			files = (
				0E2EF2ED1C274DD200762053 /* LaunchScreen.storyboard in Resources */,
				0E5A4C8C1D23519400D8BBD4 /* GoogleService-Info.plist in Resources */,
				0EB8961F1EE9C28F0050021B /* Brandon_blk.otf in Resources */,
				0E2EF2EA1C274DD200762053 /* Assets.xcassets in Resources */,
				0E2EF2E81C274DD200762053 /* Main.storyboard in Resources */,
				0ED23D571DB82FF100DF081E /* Big_John.otf in Resources */,
				0EB8961E1EE9C28F0050021B /* Brandon_bld.otf in Resources */,
				0EB896201EE9C28F0050021B /* Brandon_reg.otf in Resources */,
			);
			runOnlyForDeploymentPostprocessing = 0;
		};
/* End PBXResourcesBuildPhase section */

/* Begin PBXShellScriptBuildPhase section */
		0427BDEB44A85AF6D237A6AC /* [CP] Check Pods Manifest.lock */ = {
			isa = PBXShellScriptBuildPhase;
			buildActionMask = 2147483647;
			files = (
			);
			inputPaths = (
				"${PODS_PODFILE_DIR_PATH}/Podfile.lock",
				"${PODS_ROOT}/Manifest.lock",
			);
			name = "[CP] Check Pods Manifest.lock";
			outputPaths = (
				"$(DERIVED_FILE_DIR)/Pods-Caroling Companion-checkManifestLockResult.txt",
			);
			runOnlyForDeploymentPostprocessing = 0;
			shellPath = /bin/sh;
			shellScript = "diff \"${PODS_PODFILE_DIR_PATH}/Podfile.lock\" \"${PODS_ROOT}/Manifest.lock\" > /dev/null\nif [ $? != 0 ] ; then\n    # print error to STDERR\n    echo \"error: The sandbox is not in sync with the Podfile.lock. Run 'pod install' or update your CocoaPods installation.\" >&2\n    exit 1\nfi\n# This output is used by Xcode 'outputs' to avoid re-running this script phase.\necho \"SUCCESS\" > \"${SCRIPT_OUTPUT_FILE_0}\"\n";
			showEnvVarsInLog = 0;
		};
		6D94B341B1AE2B307565A646 /* [CP] Embed Pods Frameworks */ = {
			isa = PBXShellScriptBuildPhase;
			buildActionMask = 2147483647;
			files = (
			);
			inputPaths = (
				"${PODS_ROOT}/Target Support Files/Pods-Caroling Companion/Pods-Caroling Companion-frameworks.sh",
				"${BUILT_PRODUCTS_DIR}/GTMSessionFetcher/GTMSessionFetcher.framework",
				"${BUILT_PRODUCTS_DIR}/GoogleUtilities/GoogleUtilities.framework",
				"${BUILT_PRODUCTS_DIR}/PromisesObjC/FBLPromises.framework",
				"${BUILT_PRODUCTS_DIR}/leveldb-library/leveldb.framework",
				"${BUILT_PRODUCTS_DIR}/nanopb/nanopb.framework",
			);
			name = "[CP] Embed Pods Frameworks";
			outputPaths = (
				"${TARGET_BUILD_DIR}/${FRAMEWORKS_FOLDER_PATH}/GTMSessionFetcher.framework",
				"${TARGET_BUILD_DIR}/${FRAMEWORKS_FOLDER_PATH}/GoogleUtilities.framework",
				"${TARGET_BUILD_DIR}/${FRAMEWORKS_FOLDER_PATH}/FBLPromises.framework",
				"${TARGET_BUILD_DIR}/${FRAMEWORKS_FOLDER_PATH}/leveldb.framework",
				"${TARGET_BUILD_DIR}/${FRAMEWORKS_FOLDER_PATH}/nanopb.framework",
			);
			runOnlyForDeploymentPostprocessing = 0;
			shellPath = /bin/sh;
			shellScript = "\"${PODS_ROOT}/Target Support Files/Pods-Caroling Companion/Pods-Caroling Companion-frameworks.sh\"\n";
			showEnvVarsInLog = 0;
		};
/* End PBXShellScriptBuildPhase section */

/* Begin PBXSourcesBuildPhase section */
		0E2EF2DB1C274DD200762053 /* Sources */ = {
			isa = PBXSourcesBuildPhase;
			buildActionMask = 2147483647;
			files = (
				0E9DD7991EA9683800745317 /* FancyBtn.swift in Sources */,
				0EB896241EEB47D70050021B /* EmailLoginVC.swift in Sources */,
				0EFB8E0D1EE7C2FF00D5F793 /* PlaylistVCF.swift in Sources */,
				0E0707D21EE8F0D10033C185 /* OutlineBtn.swift in Sources */,
				0EFB8E171EE7C30800D5F793 /* PlaylistVC.swift in Sources */,
				0EFB8E181EE7C30800D5F793 /* SongListTVCF_TEST_SEARCH.swift in Sources */,
				0EFB8E011EE7C2F300D5F793 /* Playlist.swift in Sources */,
				0EB8962A1EEB7CCC0050021B /* PhoneLoginVC.swift in Sources */,
				0E9DD7A31EA978E200745317 /* DataService.swift in Sources */,
				0EFB8E1A1EE7C30800D5F793 /* SongListTabTVC.swift in Sources */,
				0EFB8E0C1EE7C2FF00D5F793 /* SongCellF.swift in Sources */,
				0E9DD7971EA9683000745317 /* FancyField.swift in Sources */,
				0E9DD79D1EA971BA00745317 /* LoginVC.swift in Sources */,
				0E7EAA131DB5E01300E8044A /* NavigationController.swift in Sources */,
				0E1AA5241EF1DD6000EB3B65 /* AboutVC.swift in Sources */,
				0EB8962E1EEB81590050021B /* ForgotPasswordVC.swift in Sources */,
				0EFB8E021EE7C2F300D5F793 /* CreatePlaylistVCF.swift in Sources */,
				0EB896281EEB72DF0050021B /* SelectLoginMethodVC.swift in Sources */,
				0EFB8E0F1EE7C2FF00D5F793 /* PlaylistSongCell.swift in Sources */,
				0E9DD79F1EA974BF00745317 /* Functions.swift in Sources */,
				0E2EF2E31C274DD200762053 /* AppDelegate.swift in Sources */,
				0EFB8E1E1EE7C33500D5F793 /* PlaylistNameCellF.swift in Sources */,
				0E8F09981CD2B5CB00CF771E /* Constants.swift in Sources */,
				0E9DD7A61EA9B07C00745317 /* Song.swift in Sources */,
				0EDB2B201EF8458300131241 /* PhoneLoginCodeVC.swift in Sources */,
				0EC7240A1EF32D200003407F /* NeedAccountVC.swift in Sources */,
				0E9DD79B1EA9684200745317 /* CircleView.swift in Sources */,
				0EB8962C1EEB7FEA0050021B /* LoginFlow.swift in Sources */,
				0EFB8E1F1EE7C33500D5F793 /* ProfileVC.swift in Sources */,
				0EFB8E161EE7C30800D5F793 /* PlaylistNameCell.swift in Sources */,
				0E1AA5281EF219C200EB3B65 /* SwipeRightToDismissVC.swift in Sources */,
				0E1C27B41EF701D300680CFF /* LandingLoginVC.swift in Sources */,
				0E8F09901CD29BB600CF771E /* SongCell.swift in Sources */,
				0EFB8E201EE7C33500D5F793 /* DepricatedSongListVC.swift in Sources */,
				0E9DD7951EA9682900745317 /* RoundBtn.swift in Sources */,
				0EFB8E191EE7C30800D5F793 /* SongListTVCF.swift in Sources */,
				0EDB2B221EF87FB000131241 /* CustomTabBarConroller.swift in Sources */,
				0E1AA5261EF2197800EB3B65 /* SlideAnimationTransition.swift in Sources */,
				0EFB8E0A1EE7C2FF00D5F793 /* SongListTVC.swift in Sources */,
				0E9DD7931EA9681900745317 /* FancyView.swift in Sources */,
				0EFB8E0E1EE7C2FF00D5F793 /* CreatePlaylistVC.swift in Sources */,
				0EFB8E101EE7C2FF00D5F793 /* ShowPlaylistVC.swift in Sources */,
				0EB896221EEA27AC0050021B /* LandingVC.swift in Sources */,
				0EFB8E0B1EE7C2FF00D5F793 /* PlaylistSongCellF.swift in Sources */,
				0EB896261EEB574A0050021B /* TitleLabel.swift in Sources */,
				0E2EF3151C2753B200762053 /* SongLyricsVC.swift in Sources */,
				0EC724071EF328340003407F /* SignInIdea.swift in Sources */,
				0E1AA5221EF1DA0E00EB3B65 /* ProfileTabVC.swift in Sources */,
				0E9DD7A81EAA76A200745317 /* AuthService.swift in Sources */,
			);
			runOnlyForDeploymentPostprocessing = 0;
		};
/* End PBXSourcesBuildPhase section */

/* Begin PBXVariantGroup section */
		0E2EF2E61C274DD200762053 /* Main.storyboard */ = {
			isa = PBXVariantGroup;
			children = (
				0E2EF2E71C274DD200762053 /* Base */,
			);
			name = Main.storyboard;
			sourceTree = "<group>";
		};
		0E2EF2EB1C274DD200762053 /* LaunchScreen.storyboard */ = {
			isa = PBXVariantGroup;
			children = (
				0E2EF2EC1C274DD200762053 /* Base */,
			);
			name = LaunchScreen.storyboard;
			sourceTree = "<group>";
		};
/* End PBXVariantGroup section */

/* Begin XCBuildConfiguration section */
		0E2EF3051C274DD300762053 /* Debug */ = {
			isa = XCBuildConfiguration;
			buildSettings = {
				ALWAYS_SEARCH_USER_PATHS = NO;
				CLANG_ANALYZER_LOCALIZABILITY_NONLOCALIZED = YES;
				CLANG_CXX_LANGUAGE_STANDARD = "gnu++0x";
				CLANG_CXX_LIBRARY = "libc++";
				CLANG_ENABLE_MODULES = YES;
				CLANG_ENABLE_OBJC_ARC = YES;
				CLANG_WARN_BLOCK_CAPTURE_AUTORELEASING = YES;
				CLANG_WARN_BOOL_CONVERSION = YES;
				CLANG_WARN_COMMA = YES;
				CLANG_WARN_CONSTANT_CONVERSION = YES;
				CLANG_WARN_DEPRECATED_OBJC_IMPLEMENTATIONS = YES;
				CLANG_WARN_DIRECT_OBJC_ISA_USAGE = YES_ERROR;
				CLANG_WARN_EMPTY_BODY = YES;
				CLANG_WARN_ENUM_CONVERSION = YES;
				CLANG_WARN_INFINITE_RECURSION = YES;
				CLANG_WARN_INT_CONVERSION = YES;
				CLANG_WARN_NON_LITERAL_NULL_CONVERSION = YES;
				CLANG_WARN_OBJC_IMPLICIT_RETAIN_SELF = YES;
				CLANG_WARN_OBJC_LITERAL_CONVERSION = YES;
				CLANG_WARN_OBJC_ROOT_CLASS = YES_ERROR;
				CLANG_WARN_RANGE_LOOP_ANALYSIS = YES;
				CLANG_WARN_STRICT_PROTOTYPES = YES;
				CLANG_WARN_SUSPICIOUS_MOVE = YES;
				CLANG_WARN_UNREACHABLE_CODE = YES;
				CLANG_WARN__DUPLICATE_METHOD_MATCH = YES;
				"CODE_SIGN_IDENTITY[sdk=iphoneos*]" = "iPhone Developer";
				COPY_PHASE_STRIP = NO;
				DEBUG_INFORMATION_FORMAT = dwarf;
				ENABLE_STRICT_OBJC_MSGSEND = YES;
				ENABLE_TESTABILITY = YES;
				GCC_C_LANGUAGE_STANDARD = gnu99;
				GCC_DYNAMIC_NO_PIC = NO;
				GCC_NO_COMMON_BLOCKS = YES;
				GCC_OPTIMIZATION_LEVEL = 0;
				GCC_PREPROCESSOR_DEFINITIONS = (
					"DEBUG=1",
					"$(inherited)",
				);
				GCC_WARN_64_TO_32_BIT_CONVERSION = YES;
				GCC_WARN_ABOUT_RETURN_TYPE = YES_ERROR;
				GCC_WARN_UNDECLARED_SELECTOR = YES;
				GCC_WARN_UNINITIALIZED_AUTOS = YES_AGGRESSIVE;
				GCC_WARN_UNUSED_FUNCTION = YES;
				GCC_WARN_UNUSED_VARIABLE = YES;
				IPHONEOS_DEPLOYMENT_TARGET = 9.2;
				MTL_ENABLE_DEBUG_INFO = YES;
				ONLY_ACTIVE_ARCH = YES;
				PROVISIONING_PROFILE = "564d020e-fdf4-49fb-ab5a-bf79dd849668";
				SDKROOT = iphoneos;
				SWIFT_OPTIMIZATION_LEVEL = "-Onone";
				TARGETED_DEVICE_FAMILY = "1,2";
			};
			name = Debug;
		};
		0E2EF3061C274DD300762053 /* Release */ = {
			isa = XCBuildConfiguration;
			buildSettings = {
				ALWAYS_SEARCH_USER_PATHS = NO;
				CLANG_ANALYZER_LOCALIZABILITY_NONLOCALIZED = YES;
				CLANG_CXX_LANGUAGE_STANDARD = "gnu++0x";
				CLANG_CXX_LIBRARY = "libc++";
				CLANG_ENABLE_MODULES = YES;
				CLANG_ENABLE_OBJC_ARC = YES;
				CLANG_WARN_BLOCK_CAPTURE_AUTORELEASING = YES;
				CLANG_WARN_BOOL_CONVERSION = YES;
				CLANG_WARN_COMMA = YES;
				CLANG_WARN_CONSTANT_CONVERSION = YES;
				CLANG_WARN_DEPRECATED_OBJC_IMPLEMENTATIONS = YES;
				CLANG_WARN_DIRECT_OBJC_ISA_USAGE = YES_ERROR;
				CLANG_WARN_EMPTY_BODY = YES;
				CLANG_WARN_ENUM_CONVERSION = YES;
				CLANG_WARN_INFINITE_RECURSION = YES;
				CLANG_WARN_INT_CONVERSION = YES;
				CLANG_WARN_NON_LITERAL_NULL_CONVERSION = YES;
				CLANG_WARN_OBJC_IMPLICIT_RETAIN_SELF = YES;
				CLANG_WARN_OBJC_LITERAL_CONVERSION = YES;
				CLANG_WARN_OBJC_ROOT_CLASS = YES_ERROR;
				CLANG_WARN_RANGE_LOOP_ANALYSIS = YES;
				CLANG_WARN_STRICT_PROTOTYPES = YES;
				CLANG_WARN_SUSPICIOUS_MOVE = YES;
				CLANG_WARN_UNREACHABLE_CODE = YES;
				CLANG_WARN__DUPLICATE_METHOD_MATCH = YES;
				CODE_SIGN_IDENTITY = "iPhone Distribution: Chase McElroy (J2C764CY4K)";
				"CODE_SIGN_IDENTITY[sdk=iphoneos*]" = "iPhone Distribution: Chase McElroy (J2C764CY4K)";
				COPY_PHASE_STRIP = NO;
				DEBUG_INFORMATION_FORMAT = "dwarf-with-dsym";
				ENABLE_NS_ASSERTIONS = NO;
				ENABLE_STRICT_OBJC_MSGSEND = YES;
				GCC_C_LANGUAGE_STANDARD = gnu99;
				GCC_NO_COMMON_BLOCKS = YES;
				GCC_WARN_64_TO_32_BIT_CONVERSION = YES;
				GCC_WARN_ABOUT_RETURN_TYPE = YES_ERROR;
				GCC_WARN_UNDECLARED_SELECTOR = YES;
				GCC_WARN_UNINITIALIZED_AUTOS = YES_AGGRESSIVE;
				GCC_WARN_UNUSED_FUNCTION = YES;
				GCC_WARN_UNUSED_VARIABLE = YES;
				IPHONEOS_DEPLOYMENT_TARGET = 9.2;
				MTL_ENABLE_DEBUG_INFO = NO;
				PROVISIONING_PROFILE = "564d020e-fdf4-49fb-ab5a-bf79dd849668";
				SDKROOT = iphoneos;
				SWIFT_OPTIMIZATION_LEVEL = "-Owholemodule";
				TARGETED_DEVICE_FAMILY = "1,2";
				VALIDATE_PRODUCT = YES;
			};
			name = Release;
		};
		0E2EF3081C274DD300762053 /* Debug */ = {
			isa = XCBuildConfiguration;
			baseConfigurationReference = 8CC439CFE3E7102455F3E8DB /* Pods-Caroling Companion.debug.xcconfig */;
			buildSettings = {
				ASSETCATALOG_COMPILER_APPICON_NAME = AppIcon;
				CODE_SIGN_ENTITLEMENTS = "Caroling Companion/Caroling Companion.entitlements";
				CODE_SIGN_IDENTITY = "iPhone Developer";
				"CODE_SIGN_IDENTITY[sdk=iphoneos*]" = "iPhone Developer";
				DEVELOPMENT_TEAM = J2C764CY4K;
				INFOPLIST_FILE = "Caroling Companion/Info.plist";
				IPHONEOS_DEPLOYMENT_TARGET = 9.2;
				LD_RUNPATH_SEARCH_PATHS = "$(inherited) @executable_path/Frameworks";
				PRODUCT_BUNDLE_IDENTIFIER = "bio.chase.Caroling-Companion";
				PRODUCT_NAME = "$(TARGET_NAME)";
				PROVISIONING_PROFILE = "";
				SWIFT_SWIFT3_OBJC_INFERENCE = On;
				SWIFT_VERSION = 4.2;
				TARGETED_DEVICE_FAMILY = "1,2";
			};
			name = Debug;
		};
		0E2EF3091C274DD300762053 /* Release */ = {
			isa = XCBuildConfiguration;
			baseConfigurationReference = 4A90FF3EB68EE7626C211FB7 /* Pods-Caroling Companion.release.xcconfig */;
			buildSettings = {
				ASSETCATALOG_COMPILER_APPICON_NAME = AppIcon;
				CODE_SIGN_ENTITLEMENTS = "Caroling Companion/Caroling Companion.entitlements";
				CODE_SIGN_IDENTITY = "iPhone Developer";
				"CODE_SIGN_IDENTITY[sdk=iphoneos*]" = "iPhone Developer";
				DEVELOPMENT_TEAM = J2C764CY4K;
				INFOPLIST_FILE = "Caroling Companion/Info.plist";
				IPHONEOS_DEPLOYMENT_TARGET = 9.2;
				LD_RUNPATH_SEARCH_PATHS = "$(inherited) @executable_path/Frameworks";
				PRODUCT_BUNDLE_IDENTIFIER = "bio.chase.Caroling-Companion";
				PRODUCT_NAME = "$(TARGET_NAME)";
				PROVISIONING_PROFILE = "";
				SWIFT_SWIFT3_OBJC_INFERENCE = On;
				SWIFT_VERSION = 4.2;
				TARGETED_DEVICE_FAMILY = "1,2";
			};
			name = Release;
		};
/* End XCBuildConfiguration section */

/* Begin XCConfigurationList section */
		0E2EF2DA1C274DD200762053 /* Build configuration list for PBXProject "Caroling Companion" */ = {
			isa = XCConfigurationList;
			buildConfigurations = (
				0E2EF3051C274DD300762053 /* Debug */,
				0E2EF3061C274DD300762053 /* Release */,
			);
			defaultConfigurationIsVisible = 0;
			defaultConfigurationName = Release;
		};
		0E2EF3071C274DD300762053 /* Build configuration list for PBXNativeTarget "Caroling Companion" */ = {
			isa = XCConfigurationList;
			buildConfigurations = (
				0E2EF3081C274DD300762053 /* Debug */,
				0E2EF3091C274DD300762053 /* Release */,
			);
			defaultConfigurationIsVisible = 0;
			defaultConfigurationName = Release;
		};
/* End XCConfigurationList section */
	};
	rootObject = 0E2EF2D71C274DD200762053 /* Project object */;
}
